Microsoft Visual Studio Solution File, Format Version 12.00
# Visual Studio Version 17
VisualStudioVersion = 17.5.2.0
MinimumVisualStudioVersion = 10.0.40219.1
Project("{FAE04EC0-301F-11D3-BF4B-00C04F79EFBC}") = "PdfMergeAPI", "PdfMergeAPI\PdfMergeAPI.csproj", "{DACFED59-333D-1174-1992-C21FB78ECD81}"
EndProject
Global
	GlobalSection(SolutionConfigurationPlatforms) = preSolution
		Debug|Any CPU = Debug|Any CPU
		Release|Any CPU = Release|Any CPU
	EndGlobalSection
	GlobalSection(ProjectConfigurationPlatforms) = postSolution
		{DACFED59-333D-1174-1992-C21FB78ECD81}.Debug|Any CPU.ActiveCfg = Debug|Any CPU
		{DACFED59-333D-1174-1992-C21FB78ECD81}.Debug|Any CPU.Build.0 = Debug|Any CPU
		{DACFED59-333D-1174-1992-C21FB78ECD81}.Release|Any CPU.ActiveCfg = Release|Any CPU
		{DACFED59-333D-1174-1992-C21FB78ECD81}.Release|Any CPU.Build.0 = Release|Any CPU
	EndGlobalSection
	GlobalSection(SolutionProperties) = preSolution
		HideSolutionNode = FALSE
	EndGlobalSection
	GlobalSection(ExtensibilityGlobals) = postSolution
		SolutionGuid = {55AA9A97-9A72-4132-A4CE-840A1FBC6D83}
	EndGlobalSection
EndGlobal
